// !$*UTF8*$!
{
	archiveVersion = 1;
	classes = {
	};
	objectVersion = 77;
	objects = {

/* Begin PBXBuildFile section */
		993ED6F32CBAF3AF00CBB4A0 /* ComposableArchitecture in Frameworks */ = {isa = PBXBuildFile; productRef = 993ED6F22CBAF3AF00CBB4A0 /* ComposableArchitecture */; };
/* End PBXBuildFile section */

/* Begin PBXContainerItemProxy section */
		993ED6D52CBAE7C000CBB4A0 /* PBXContainerItemProxy */ = {
			isa = PBXContainerItemProxy;
			containerPortal = 993ED6BC2CBAE7BA00CBB4A0 /* Project object */;
			proxyType = 1;
			remoteGlobalIDString = 993ED6C32CBAE7BB00CBB4A0;
			remoteInfo = "tca-tutorial";
		};
		993ED6DF2CBAE7C000CBB4A0 /* PBXContainerItemProxy */ = {
			isa = PBXContainerItemProxy;
			containerPortal = 993ED6BC2CBAE7BA00CBB4A0 /* Project object */;
			proxyType = 1;
			remoteGlobalIDString = 993ED6C32CBAE7BB00CBB4A0;
			remoteInfo = "tca-tutorial";
		};
/* End PBXContainerItemProxy section */

/* Begin PBXFileReference section */
		993ED6C42CBAE7BB00CBB4A0 /* tca-tutorial.app */ = {isa = PBXFileReference; explicitFileType = wrapper.application; includeInIndex = 0; path = "tca-tutorial.app"; sourceTree = BUILT_PRODUCTS_DIR; };
		993ED6D42CBAE7C000CBB4A0 /* tca-tutorialTests.xctest */ = {isa = PBXFileReference; explicitFileType = wrapper.cfbundle; includeInIndex = 0; path = "tca-tutorialTests.xctest"; sourceTree = BUILT_PRODUCTS_DIR; };
		993ED6DE2CBAE7C000CBB4A0 /* tca-tutorialUITests.xctest */ = {isa = PBXFileReference; explicitFileType = wrapper.cfbundle; includeInIndex = 0; path = "tca-tutorialUITests.xctest"; sourceTree = BUILT_PRODUCTS_DIR; };
/* End PBXFileReference section */

/* Begin PBXFileSystemSynchronizedRootGroup section */
		993ED6C62CBAE7BB00CBB4A0 /* tca-tutorial */ = {
			isa = PBXFileSystemSynchronizedRootGroup;
			path = "tca-tutorial";
			sourceTree = "<group>";
		};
		993ED6D72CBAE7C000CBB4A0 /* tca-tutorialTests */ = {
			isa = PBXFileSystemSynchronizedRootGroup;
			path = "tca-tutorialTests";
			sourceTree = "<group>";
		};
		993ED6E12CBAE7C000CBB4A0 /* tca-tutorialUITests */ = {
			isa = PBXFileSystemSynchronizedRootGroup;
			path = "tca-tutorialUITests";
			sourceTree = "<group>";
		};
/* End PBXFileSystemSynchronizedRootGroup section */

/* Begin PBXFrameworksBuildPhase section */
		993ED6C12CBAE7BB00CBB4A0 /* Frameworks */ = {
			isa = PBXFrameworksBuildPhase;
			buildActionMask = 2147483647;
			files = (
				993ED6F32CBAF3AF00CBB4A0 /* ComposableArchitecture in Frameworks */,
			);
			runOnlyForDeploymentPostprocessing = 0;
		};
		993ED6D12CBAE7C000CBB4A0 /* Frameworks */ = {
			isa = PBXFrameworksBuildPhase;
			buildActionMask = 2147483647;
			files = (
			);
			runOnlyForDeploymentPostprocessing = 0;
		};
		993ED6DB2CBAE7C000CBB4A0 /* Frameworks */ = {
			isa = PBXFrameworksBuildPhase;
			buildActionMask = 2147483647;
			files = (
			);
			runOnlyForDeploymentPostprocessing = 0;
		};
/* End PBXFrameworksBuildPhase section */

/* Begin PBXGroup section */
		993ED6BB2CBAE7BA00CBB4A0 = {
			isa = PBXGroup;
			children = (
				993ED6C62CBAE7BB00CBB4A0 /* tca-tutorial */,
				993ED6D72CBAE7C000CBB4A0 /* tca-tutorialTests */,
				993ED6E12CBAE7C000CBB4A0 /* tca-tutorialUITests */,
				993ED6C52CBAE7BB00CBB4A0 /* Products */,
			);
			sourceTree = "<group>";
		};
		993ED6C52CBAE7BB00CBB4A0 /* Products */ = {
			isa = PBXGroup;
			children = (
				993ED6C42CBAE7BB00CBB4A0 /* tca-tutorial.app */,
				993ED6D42CBAE7C000CBB4A0 /* tca-tutorialTests.xctest */,
				993ED6DE2CBAE7C000CBB4A0 /* tca-tutorialUITests.xctest */,
			);
			name = Products;
			sourceTree = "<group>";
		};
/* End PBXGroup section */

/* Begin PBXNativeTarget section */
		993ED6C32CBAE7BB00CBB4A0 /* tca-tutorial */ = {
			isa = PBXNativeTarget;
			buildConfigurationList = 993ED6E82CBAE7C000CBB4A0 /* Build configuration list for PBXNativeTarget "tca-tutorial" */;
			buildPhases = (
				993ED6C02CBAE7BB00CBB4A0 /* Sources */,
				993ED6C12CBAE7BB00CBB4A0 /* Frameworks */,
				993ED6C22CBAE7BB00CBB4A0 /* Resources */,
			);
			buildRules = (
			);
			dependencies = (
			);
			fileSystemSynchronizedGroups = (
				993ED6C62CBAE7BB00CBB4A0 /* tca-tutorial */,
			);
			name = "tca-tutorial";
			packageProductDependencies = (
				993ED6F22CBAF3AF00CBB4A0 /* ComposableArchitecture */,
			);
			productName = "tca-tutorial";
			productReference = 993ED6C42CBAE7BB00CBB4A0 /* tca-tutorial.app */;
			productType = "com.apple.product-type.application";
		};
		993ED6D32CBAE7C000CBB4A0 /* tca-tutorialTests */ = {
			isa = PBXNativeTarget;
			buildConfigurationList = 993ED6EB2CBAE7C000CBB4A0 /* Build configuration list for PBXNativeTarget "tca-tutorialTests" */;
			buildPhases = (
				993ED6D02CBAE7C000CBB4A0 /* Sources */,
				993ED6D12CBAE7C000CBB4A0 /* Frameworks */,
				993ED6D22CBAE7C000CBB4A0 /* Resources */,
			);
			buildRules = (
			);
			dependencies = (
				993ED6D62CBAE7C000CBB4A0 /* PBXTargetDependency */,
			);
			fileSystemSynchronizedGroups = (
				993ED6D72CBAE7C000CBB4A0 /* tca-tutorialTests */,
			);
			name = "tca-tutorialTests";
			packageProductDependencies = (
			);
			productName = "tca-tutorialTests";
			productReference = 993ED6D42CBAE7C000CBB4A0 /* tca-tutorialTests.xctest */;
			productType = "com.apple.product-type.bundle.unit-test";
		};
		993ED6DD2CBAE7C000CBB4A0 /* tca-tutorialUITests */ = {
			isa = PBXNativeTarget;
			buildConfigurationList = 993ED6EE2CBAE7C000CBB4A0 /* Build configuration list for PBXNativeTarget "tca-tutorialUITests" */;
			buildPhases = (
				993ED6DA2CBAE7C000CBB4A0 /* Sources */,
				993ED6DB2CBAE7C000CBB4A0 /* Frameworks */,
				993ED6DC2CBAE7C000CBB4A0 /* Resources */,
			);
			buildRules = (
			);
			dependencies = (
				993ED6E02CBAE7C000CBB4A0 /* PBXTargetDependency */,
			);
			fileSystemSynchronizedGroups = (
				993ED6E12CBAE7C000CBB4A0 /* tca-tutorialUITests */,
			);
			name = "tca-tutorialUITests";
			packageProductDependencies = (
			);
			productName = "tca-tutorialUITests";
			productReference = 993ED6DE2CBAE7C000CBB4A0 /* tca-tutorialUITests.xctest */;
			productType = "com.apple.product-type.bundle.ui-testing";
		};
/* End PBXNativeTarget section */

/* Begin PBXProject section */
		993ED6BC2CBAE7BA00CBB4A0 /* Project object */ = {
			isa = PBXProject;
			attributes = {
				BuildIndependentTargetsInParallel = 1;
				LastSwiftUpdateCheck = 1600;
				LastUpgradeCheck = 1600;
				TargetAttributes = {
					993ED6C32CBAE7BB00CBB4A0 = {
						CreatedOnToolsVersion = 16.0;
					};
					993ED6D32CBAE7C000CBB4A0 = {
						CreatedOnToolsVersion = 16.0;
						TestTargetID = 993ED6C32CBAE7BB00CBB4A0;
					};
					993ED6DD2CBAE7C000CBB4A0 = {
						CreatedOnToolsVersion = 16.0;
						TestTargetID = 993ED6C32CBAE7BB00CBB4A0;
					};
				};
			};
			buildConfigurationList = 993ED6BF2CBAE7BB00CBB4A0 /* Build configuration list for PBXProject "tca-tutorial" */;
			developmentRegion = en;
			hasScannedForEncodings = 0;
			knownRegions = (
				en,
				Base,
			);
			mainGroup = 993ED6BB2CBAE7BA00CBB4A0;
			minimizedProjectReferenceProxies = 1;
			packageReferences = (
				993ED6F12CBAF3AF00CBB4A0 /* XCRemoteSwiftPackageReference "swift-composable-architecture" */,
			);
			preferredProjectObjectVersion = 77;
			productRefGroup = 993ED6C52CBAE7BB00CBB4A0 /* Products */;
			projectDirPath = "";
			projectRoot = "";
			targets = (
				993ED6C32CBAE7BB00CBB4A0 /* tca-tutorial */,
				993ED6D32CBAE7C000CBB4A0 /* tca-tutorialTests */,
				993ED6DD2CBAE7C000CBB4A0 /* tca-tutorialUITests */,
			);
		};
/* End PBXProject section */

/* Begin PBXResourcesBuildPhase section */
		993ED6C22CBAE7BB00CBB4A0 /* Resources */ = {
			isa = PBXResourcesBuildPhase;
			buildActionMask = 2147483647;
			files = (
			);
			runOnlyForDeploymentPostprocessing = 0;
		};
		993ED6D22CBAE7C000CBB4A0 /* Resources */ = {
			isa = PBXResourcesBuildPhase;
			buildActionMask = 2147483647;
			files = (
			);
			runOnlyForDeploymentPostprocessing = 0;
		};
		993ED6DC2CBAE7C000CBB4A0 /* Resources */ = {
			isa = PBXResourcesBuildPhase;
			buildActionMask = 2147483647;
			files = (
			);
			runOnlyForDeploymentPostprocessing = 0;
		};
/* End PBXResourcesBuildPhase section */

/* Begin PBXSourcesBuildPhase section */
		993ED6C02CBAE7BB00CBB4A0 /* Sources */ = {
			isa = PBXSourcesBuildPhase;
			buildActionMask = 2147483647;
			files = (
			);
			runOnlyForDeploymentPostprocessing = 0;
		};
		993ED6D02CBAE7C000CBB4A0 /* Sources */ = {
			isa = PBXSourcesBuildPhase;
			buildActionMask = 2147483647;
			files = (
			);
			runOnlyForDeploymentPostprocessing = 0;
		};
		993ED6DA2CBAE7C000CBB4A0 /* Sources */ = {
			isa = PBXSourcesBuildPhase;
			buildActionMask = 2147483647;
			files = (
			);
			runOnlyForDeploymentPostprocessing = 0;
		};
/* End PBXSourcesBuildPhase section */

/* Begin PBXTargetDependency section */
		993ED6D62CBAE7C000CBB4A0 /* PBXTargetDependency */ = {
			isa = PBXTargetDependency;
			target = 993ED6C32CBAE7BB00CBB4A0 /* tca-tutorial */;
			targetProxy = 993ED6D52CBAE7C000CBB4A0 /* PBXContainerItemProxy */;
		};
		993ED6E02CBAE7C000CBB4A0 /* PBXTargetDependency */ = {
			isa = PBXTargetDependency;
			target = 993ED6C32CBAE7BB00CBB4A0 /* tca-tutorial */;
			targetProxy = 993ED6DF2CBAE7C000CBB4A0 /* PBXContainerItemProxy */;
		};
/* End PBXTargetDependency section */

/* Begin XCBuildConfiguration section */
		993ED6E62CBAE7C000CBB4A0 /* Debug */ = {
			isa = XCBuildConfiguration;
			buildSettings = {
				ALWAYS_SEARCH_USER_PATHS = NO;
				ASSETCATALOG_COMPILER_GENERATE_SWIFT_ASSET_SYMBOL_EXTENSIONS = YES;
				CLANG_ANALYZER_NONNULL = YES;
				CLANG_ANALYZER_NUMBER_OBJECT_CONVERSION = YES_AGGRESSIVE;
				CLANG_CXX_LANGUAGE_STANDARD = "gnu++20";
				CLANG_ENABLE_MODULES = YES;
				CLANG_ENABLE_OBJC_ARC = YES;
				CLANG_ENABLE_OBJC_WEAK = YES;
				CLANG_WARN_BLOCK_CAPTURE_AUTORELEASING = YES;
				CLANG_WARN_BOOL_CONVERSION = YES;
				CLANG_WARN_COMMA = YES;
				CLANG_WARN_CONSTANT_CONVERSION = YES;
				CLANG_WARN_DEPRECATED_OBJC_IMPLEMENTATIONS = YES;
				CLANG_WARN_DIRECT_OBJC_ISA_USAGE = YES_ERROR;
				CLANG_WARN_DOCUMENTATION_COMMENTS = YES;
				CLANG_WARN_EMPTY_BODY = YES;
				CLANG_WARN_ENUM_CONVERSION = YES;
				CLANG_WARN_INFINITE_RECURSION = YES;
				CLANG_WARN_INT_CONVERSION = YES;
				CLANG_WARN_NON_LITERAL_NULL_CONVERSION = YES;
				CLANG_WARN_OBJC_IMPLICIT_RETAIN_SELF = YES;
				CLANG_WARN_OBJC_LITERAL_CONVERSION = YES;
				CLANG_WARN_OBJC_ROOT_CLASS = YES_ERROR;
				CLANG_WARN_QUOTED_INCLUDE_IN_FRAMEWORK_HEADER = YES;
				CLANG_WARN_RANGE_LOOP_ANALYSIS = YES;
				CLANG_WARN_STRICT_PROTOTYPES = YES;
				CLANG_WARN_SUSPICIOUS_MOVE = YES;
				CLANG_WARN_UNGUARDED_AVAILABILITY = YES_AGGRESSIVE;
				CLANG_WARN_UNREACHABLE_CODE = YES;
				CLANG_WARN__DUPLICATE_METHOD_MATCH = YES;
				COPY_PHASE_STRIP = NO;
				DEBUG_INFORMATION_FORMAT = dwarf;
				ENABLE_STRICT_OBJC_MSGSEND = YES;
				ENABLE_TESTABILITY = YES;
				ENABLE_USER_SCRIPT_SANDBOXING = YES;
				GCC_C_LANGUAGE_STANDARD = gnu17;
				GCC_DYNAMIC_NO_PIC = NO;
				GCC_NO_COMMON_BLOCKS = YES;
				GCC_OPTIMIZATION_LEVEL = 0;
				GCC_PREPROCESSOR_DEFINITIONS = (
					"DEBUG=1",
					"$(inherited)",
				);
				GCC_WARN_64_TO_32_BIT_CONVERSION = YES;
				GCC_WARN_ABOUT_RETURN_TYPE = YES_ERROR;
				GCC_WARN_UNDECLARED_SELECTOR = YES;
				GCC_WARN_UNINITIALIZED_AUTOS = YES_AGGRESSIVE;
				GCC_WARN_UNUSED_FUNCTION = YES;
				GCC_WARN_UNUSED_VARIABLE = YES;
				IPHONEOS_DEPLOYMENT_TARGET = 18.0;
				LOCALIZATION_PREFERS_STRING_CATALOGS = YES;
				MTL_ENABLE_DEBUG_INFO = INCLUDE_SOURCE;
				MTL_FAST_MATH = YES;
				ONLY_ACTIVE_ARCH = YES;
				SDKROOT = iphoneos;
				SWIFT_ACTIVE_COMPILATION_CONDITIONS = "DEBUG $(inherited)";
				SWIFT_OPTIMIZATION_LEVEL = "-Onone";
			};
			name = Debug;
		};
		993ED6E72CBAE7C000CBB4A0 /* Release */ = {
			isa = XCBuildConfiguration;
			buildSettings = {
				ALWAYS_SEARCH_USER_PATHS = NO;
				ASSETCATALOG_COMPILER_GENERATE_SWIFT_ASSET_SYMBOL_EXTENSIONS = YES;
				CLANG_ANALYZER_NONNULL = YES;
				CLANG_ANALYZER_NUMBER_OBJECT_CONVERSION = YES_AGGRESSIVE;
				CLANG_CXX_LANGUAGE_STANDARD = "gnu++20";
				CLANG_ENABLE_MODULES = YES;
				CLANG_ENABLE_OBJC_ARC = YES;
				CLANG_ENABLE_OBJC_WEAK = YES;
				CLANG_WARN_BLOCK_CAPTURE_AUTORELEASING = YES;
				CLANG_WARN_BOOL_CONVERSION = YES;
				CLANG_WARN_COMMA = YES;
				CLANG_WARN_CONSTANT_CONVERSION = YES;
				CLANG_WARN_DEPRECATED_OBJC_IMPLEMENTATIONS = YES;
				CLANG_WARN_DIRECT_OBJC_ISA_USAGE = YES_ERROR;
				CLANG_WARN_DOCUMENTATION_COMMENTS = YES;
				CLANG_WARN_EMPTY_BODY = YES;
				CLANG_WARN_ENUM_CONVERSION = YES;
				CLANG_WARN_INFINITE_RECURSION = YES;
				CLANG_WARN_INT_CONVERSION = YES;
				CLANG_WARN_NON_LITERAL_NULL_CONVERSION = YES;
				CLANG_WARN_OBJC_IMPLICIT_RETAIN_SELF = YES;
				CLANG_WARN_OBJC_LITERAL_CONVERSION = YES;
				CLANG_WARN_OBJC_ROOT_CLASS = YES_ERROR;
				CLANG_WARN_QUOTED_INCLUDE_IN_FRAMEWORK_HEADER = YES;
				CLANG_WARN_RANGE_LOOP_ANALYSIS = YES;
				CLANG_WARN_STRICT_PROTOTYPES = YES;
				CLANG_WARN_SUSPICIOUS_MOVE = YES;
				CLANG_WARN_UNGUARDED_AVAILABILITY = YES_AGGRESSIVE;
				CLANG_WARN_UNREACHABLE_CODE = YES;
				CLANG_WARN__DUPLICATE_METHOD_MATCH = YES;
				COPY_PHASE_STRIP = NO;
				DEBUG_INFORMATION_FORMAT = "dwarf-with-dsym";
				ENABLE_NS_ASSERTIONS = NO;
				ENABLE_STRICT_OBJC_MSGSEND = YES;
				ENABLE_USER_SCRIPT_SANDBOXING = YES;
				GCC_C_LANGUAGE_STANDARD = gnu17;
				GCC_NO_COMMON_BLOCKS = YES;
				GCC_WARN_64_TO_32_BIT_CONVERSION = YES;
				GCC_WARN_ABOUT_RETURN_TYPE = YES_ERROR;
				GCC_WARN_UNDECLARED_SELECTOR = YES;
				GCC_WARN_UNINITIALIZED_AUTOS = YES_AGGRESSIVE;
				GCC_WARN_UNUSED_FUNCTION = YES;
				GCC_WARN_UNUSED_VARIABLE = YES;
				IPHONEOS_DEPLOYMENT_TARGET = 18.0;
				LOCALIZATION_PREFERS_STRING_CATALOGS = YES;
				MTL_ENABLE_DEBUG_INFO = NO;
				MTL_FAST_MATH = YES;
				SDKROOT = iphoneos;
				SWIFT_COMPILATION_MODE = wholemodule;
				VALIDATE_PRODUCT = YES;
			};
			name = Release;
		};
		993ED6E92CBAE7C000CBB4A0 /* Debug */ = {
			isa = XCBuildConfiguration;
			buildSettings = {
				ASSETCATALOG_COMPILER_APPICON_NAME = AppIcon;
				ASSETCATALOG_COMPILER_GLOBAL_ACCENT_COLOR_NAME = AccentColor;
				CODE_SIGN_STYLE = Automatic;
				CURRENT_PROJECT_VERSION = 1;
				DEVELOPMENT_ASSET_PATHS = "\"tca-tutorial/Preview Content\"";
				DEVELOPMENT_TEAM = 52LU863YVH;
				ENABLE_PREVIEWS = YES;
				GENERATE_INFOPLIST_FILE = YES;
				INFOPLIST_KEY_UIApplicationSceneManifest_Generation = YES;
				INFOPLIST_KEY_UIApplicationSupportsIndirectInputEvents = YES;
				INFOPLIST_KEY_UILaunchScreen_Generation = YES;
				INFOPLIST_KEY_UISupportedInterfaceOrientations_iPad = "UIInterfaceOrientationPortrait UIInterfaceOrientationPortraitUpsideDown UIInterfaceOrientationLandscapeLeft UIInterfaceOrientationLandscapeRight";
				INFOPLIST_KEY_UISupportedInterfaceOrientations_iPhone = "UIInterfaceOrientationPortrait UIInterfaceOrientationLandscapeLeft UIInterfaceOrientationLandscapeRight";
				LD_RUNPATH_SEARCH_PATHS = (
					"$(inherited)",
					"@executable_path/Frameworks",
				);
				MARKETING_VERSION = 1.0;
				PRODUCT_BUNDLE_IDENTIFIER = "com.takuto.tca-tutorial";
				PRODUCT_NAME = "$(TARGET_NAME)";
				SWIFT_EMIT_LOC_STRINGS = YES;
				SWIFT_VERSION = 5.0;
				TARGETED_DEVICE_FAMILY = "1,2";
			};
			name = Debug;
		};
		993ED6EA2CBAE7C000CBB4A0 /* Release */ = {
			isa = XCBuildConfiguration;
			buildSettings = {
				ASSETCATALOG_COMPILER_APPICON_NAME = AppIcon;
				ASSETCATALOG_COMPILER_GLOBAL_ACCENT_COLOR_NAME = AccentColor;
				CODE_SIGN_STYLE = Automatic;
				CURRENT_PROJECT_VERSION = 1;
				DEVELOPMENT_ASSET_PATHS = "\"tca-tutorial/Preview Content\"";
				DEVELOPMENT_TEAM = 52LU863YVH;
				ENABLE_PREVIEWS = YES;
				GENERATE_INFOPLIST_FILE = YES;
				INFOPLIST_KEY_UIApplicationSceneManifest_Generation = YES;
				INFOPLIST_KEY_UIApplicationSupportsIndirectInputEvents = YES;
				INFOPLIST_KEY_UILaunchScreen_Generation = YES;
				INFOPLIST_KEY_UISupportedInterfaceOrientations_iPad = "UIInterfaceOrientationPortrait UIInterfaceOrientationPortraitUpsideDown UIInterfaceOrientationLandscapeLeft UIInterfaceOrientationLandscapeRight";
				INFOPLIST_KEY_UISupportedInterfaceOrientations_iPhone = "UIInterfaceOrientationPortrait UIInterfaceOrientationLandscapeLeft UIInterfaceOrientationLandscapeRight";
				LD_RUNPATH_SEARCH_PATHS = (
					"$(inherited)",
					"@executable_path/Frameworks",
				);
				MARKETING_VERSION = 1.0;
				PRODUCT_BUNDLE_IDENTIFIER = "com.takuto.tca-tutorial";
				PRODUCT_NAME = "$(TARGET_NAME)";
				SWIFT_EMIT_LOC_STRINGS = YES;
				SWIFT_VERSION = 5.0;
				TARGETED_DEVICE_FAMILY = "1,2";
			};
			name = Release;
		};
		993ED6EC2CBAE7C000CBB4A0 /* Debug */ = {
			isa = XCBuildConfiguration;
			buildSettings = {
				BUNDLE_LOADER = "$(TEST_HOST)";
				CODE_SIGN_STYLE = Automatic;
				CURRENT_PROJECT_VERSION = 1;
				DEVELOPMENT_TEAM = 52LU863YVH;
				GENERATE_INFOPLIST_FILE = YES;
				IPHONEOS_DEPLOYMENT_TARGET = 18.0;
				MARKETING_VERSION = 1.0;
				PRODUCT_BUNDLE_IDENTIFIER = "com.takuto.tca-tutorialTests";
				PRODUCT_NAME = "$(TARGET_NAME)";
				SWIFT_EMIT_LOC_STRINGS = NO;
				SWIFT_VERSION = 5.0;
				TARGETED_DEVICE_FAMILY = "1,2";
				TEST_HOST = "$(BUILT_PRODUCTS_DIR)/tca-tutorial.app/$(BUNDLE_EXECUTABLE_FOLDER_PATH)/tca-tutorial";
			};
			name = Debug;
		};
		993ED6ED2CBAE7C000CBB4A0 /* Release */ = {
			isa = XCBuildConfiguration;
			buildSettings = {
				BUNDLE_LOADER = "$(TEST_HOST)";
				CODE_SIGN_STYLE = Automatic;
				CURRENT_PROJECT_VERSION = 1;
				DEVELOPMENT_TEAM = 52LU863YVH;
				GENERATE_INFOPLIST_FILE = YES;
				IPHONEOS_DEPLOYMENT_TARGET = 18.0;
				MARKETING_VERSION = 1.0;
				PRODUCT_BUNDLE_IDENTIFIER = "com.takuto.tca-tutorialTests";
				PRODUCT_NAME = "$(TARGET_NAME)";
				SWIFT_EMIT_LOC_STRINGS = NO;
				SWIFT_VERSION = 5.0;
				TARGETED_DEVICE_FAMILY = "1,2";
				TEST_HOST = "$(BUILT_PRODUCTS_DIR)/tca-tutorial.app/$(BUNDLE_EXECUTABLE_FOLDER_PATH)/tca-tutorial";
			};
			name = Release;
		};
		993ED6EF2CBAE7C000CBB4A0 /* Debug */ = {
			isa = XCBuildConfiguration;
			buildSettings = {
				CODE_SIGN_STYLE = Automatic;
				CURRENT_PROJECT_VERSION = 1;
				DEVELOPMENT_TEAM = 52LU863YVH;
				GENERATE_INFOPLIST_FILE = YES;
				MARKETING_VERSION = 1.0;
				PRODUCT_BUNDLE_IDENTIFIER = "com.takuto.tca-tutorialUITests";
				PRODUCT_NAME = "$(TARGET_NAME)";
				SWIFT_EMIT_LOC_STRINGS = NO;
				SWIFT_VERSION = 5.0;
				TARGETED_DEVICE_FAMILY = "1,2";
				TEST_TARGET_NAME = "tca-tutorial";
			};
			name = Debug;
		};
		993ED6F02CBAE7C000CBB4A0 /* Release */ = {
			isa = XCBuildConfiguration;
			buildSettings = {
				CODE_SIGN_STYLE = Automatic;
				CURRENT_PROJECT_VERSION = 1;
				DEVELOPMENT_TEAM = 52LU863YVH;
				GENERATE_INFOPLIST_FILE = YES;
				MARKETING_VERSION = 1.0;
				PRODUCT_BUNDLE_IDENTIFIER = "com.takuto.tca-tutorialUITests";
				PRODUCT_NAME = "$(TARGET_NAME)";
				SWIFT_EMIT_LOC_STRINGS = NO;
				SWIFT_VERSION = 5.0;
				TARGETED_DEVICE_FAMILY = "1,2";
				TEST_TARGET_NAME = "tca-tutorial";
			};
			name = Release;
		};
/* End XCBuildConfiguration section */

/* Begin XCConfigurationList section */
		993ED6BF2CBAE7BB00CBB4A0 /* Build configuration list for PBXProject "tca-tutorial" */ = {
			isa = XCConfigurationList;
			buildConfigurations = (
				993ED6E62CBAE7C000CBB4A0 /* Debug */,
				993ED6E72CBAE7C000CBB4A0 /* Release */,
			);
			defaultConfigurationIsVisible = 0;
			defaultConfigurationName = Release;
		};
		993ED6E82CBAE7C000CBB4A0 /* Build configuration list for PBXNativeTarget "tca-tutorial" */ = {
			isa = XCConfigurationList;
			buildConfigurations = (
				993ED6E92CBAE7C000CBB4A0 /* Debug */,
				993ED6EA2CBAE7C000CBB4A0 /* Release */,
			);
			defaultConfigurationIsVisible = 0;
			defaultConfigurationName = Release;
		};
		993ED6EB2CBAE7C000CBB4A0 /* Build configuration list for PBXNativeTarget "tca-tutorialTests" */ = {
			isa = XCConfigurationList;
			buildConfigurations = (
				993ED6EC2CBAE7C000CBB4A0 /* Debug */,
				993ED6ED2CBAE7C000CBB4A0 /* Release */,
			);
			defaultConfigurationIsVisible = 0;
			defaultConfigurationName = Release;
		};
		993ED6EE2CBAE7C000CBB4A0 /* Build configuration list for PBXNativeTarget "tca-tutorialUITests" */ = {
			isa = XCConfigurationList;
			buildConfigurations = (
				993ED6EF2CBAE7C000CBB4A0 /* Debug */,
				993ED6F02CBAE7C000CBB4A0 /* Release */,
			);
			defaultConfigurationIsVisible = 0;
			defaultConfigurationName = Release;
		};
/* End XCConfigurationList section */

/* Begin XCRemoteSwiftPackageReference section */
		993ED6F12CBAF3AF00CBB4A0 /* XCRemoteSwiftPackageReference "swift-composable-architecture" */ = {
			isa = XCRemoteSwiftPackageReference;
			repositoryURL = "https://github.com/pointfreeco/swift-composable-architecture";
			requirement = {
				kind = upToNextMajorVersion;
				minimumVersion = 1.15.0;
			};
		};
/* End XCRemoteSwiftPackageReference section */

/* Begin XCSwiftPackageProductDependency section */
		993ED6F22CBAF3AF00CBB4A0 /* ComposableArchitecture */ = {
			isa = XCSwiftPackageProductDependency;
			package = 993ED6F12CBAF3AF00CBB4A0 /* XCRemoteSwiftPackageReference "swift-composable-architecture" */;
			productName = ComposableArchitecture;
		};
/* End XCSwiftPackageProductDependency section */
	};
	rootObject = 993ED6BC2CBAE7BA00CBB4A0 /* Project object */;
}
